// !$*UTF8*$!
{
	archiveVersion = 1;
	classes = {
	};
	objectVersion = 55;
	objects = {

/* Begin PBXBuildFile section */
		BDE22ECF28A553460086C917 /* AppDelegate.swift in Sources */ = {isa = PBXBuildFile; fileRef = BDE22ECE28A553460086C917 /* AppDelegate.swift */; };
		BDE22ED128A553460086C917 /* SceneDelegate.swift in Sources */ = {isa = PBXBuildFile; fileRef = BDE22ED028A553460086C917 /* SceneDelegate.swift */; };
		BDE22ED328A553460086C917 /* ViewController.swift in Sources */ = {isa = PBXBuildFile; fileRef = BDE22ED228A553460086C917 /* ViewController.swift */; };
		BDE22ED628A553460086C917 /* Main.storyboard in Resources */ = {isa = PBXBuildFile; fileRef = BDE22ED428A553460086C917 /* Main.storyboard */; };
		BDE22ED828A5534A0086C917 /* Assets.xcassets in Resources */ = {isa = PBXBuildFile; fileRef = BDE22ED728A5534A0086C917 /* Assets.xcassets */; };
		BDE22EDB28A5534A0086C917 /* LaunchScreen.storyboard in Resources */ = {isa = PBXBuildFile; fileRef = BDE22ED928A5534A0086C917 /* LaunchScreen.storyboard */; };
		BDE22EE628A5534B0086C917 /* seguesTests.swift in Sources */ = {isa = PBXBuildFile; fileRef = BDE22EE528A5534B0086C917 /* seguesTests.swift */; };
		BDE22EF028A5534B0086C917 /* seguesUITests.swift in Sources */ = {isa = PBXBuildFile; fileRef = BDE22EEF28A5534B0086C917 /* seguesUITests.swift */; };
		BDE22EF228A5534B0086C917 /* seguesUITestsLaunchTests.swift in Sources */ = {isa = PBXBuildFile; fileRef = BDE22EF128A5534B0086C917 /* seguesUITestsLaunchTests.swift */; };
		BDE22EFF28A554B30086C917 /* SecondViewController.swift in Sources */ = {isa = PBXBuildFile; fileRef = BDE22EFE28A554B30086C917 /* SecondViewController.swift */; };
/* End PBXBuildFile section */

/* Begin PBXContainerItemProxy section */
		BDE22EE228A5534B0086C917 /* PBXContainerItemProxy */ = {
			isa = PBXContainerItemProxy;
			containerPortal = BDE22EC328A553460086C917 /* Project object */;
			proxyType = 1;
			remoteGlobalIDString = BDE22ECA28A553460086C917;
			remoteInfo = segues;
		};
		BDE22EEC28A5534B0086C917 /* PBXContainerItemProxy */ = {
			isa = PBXContainerItemProxy;
			containerPortal = BDE22EC328A553460086C917 /* Project object */;
			proxyType = 1;
			remoteGlobalIDString = BDE22ECA28A553460086C917;
			remoteInfo = segues;
		};
/* End PBXContainerItemProxy section */

/* Begin PBXFileReference section */
		BDE22ECB28A553460086C917 /* segues.app */ = {isa = PBXFileReference; explicitFileType = wrapper.application; includeInIndex = 0; path = segues.app; sourceTree = BUILT_PRODUCTS_DIR; };
		BDE22ECE28A553460086C917 /* AppDelegate.swift */ = {isa = PBXFileReference; lastKnownFileType = sourcecode.swift; path = AppDelegate.swift; sourceTree = "<group>"; };
		BDE22ED028A553460086C917 /* SceneDelegate.swift */ = {isa = PBXFileReference; lastKnownFileType = sourcecode.swift; path = SceneDelegate.swift; sourceTree = "<group>"; };
		BDE22ED228A553460086C917 /* ViewController.swift */ = {isa = PBXFileReference; lastKnownFileType = sourcecode.swift; path = ViewController.swift; sourceTree = "<group>"; };
		BDE22ED528A553460086C917 /* Base */ = {isa = PBXFileReference; lastKnownFileType = file.storyboard; name = Base; path = Base.lproj/Main.storyboard; sourceTree = "<group>"; };
		BDE22ED728A5534A0086C917 /* Assets.xcassets */ = {isa = PBXFileReference; lastKnownFileType = folder.assetcatalog; path = Assets.xcassets; sourceTree = "<group>"; };
		BDE22EDA28A5534A0086C917 /* Base */ = {isa = PBXFileReference; lastKnownFileType = file.storyboard; name = Base; path = Base.lproj/LaunchScreen.storyboard; sourceTree = "<group>"; };
		BDE22EDC28A5534A0086C917 /* Info.plist */ = {isa = PBXFileReference; lastKnownFileType = text.plist.xml; path = Info.plist; sourceTree = "<group>"; };
		BDE22EE128A5534B0086C917 /* seguesTests.xctest */ = {isa = PBXFileReference; explicitFileType = wrapper.cfbundle; includeInIndex = 0; path = seguesTests.xctest; sourceTree = BUILT_PRODUCTS_DIR; };
		BDE22EE528A5534B0086C917 /* seguesTests.swift */ = {isa = PBXFileReference; lastKnownFileType = sourcecode.swift; path = seguesTests.swift; sourceTree = "<group>"; };
		BDE22EEB28A5534B0086C917 /* seguesUITests.xctest */ = {isa = PBXFileReference; explicitFileType = wrapper.cfbundle; includeInIndex = 0; path = seguesUITests.xctest; sourceTree = BUILT_PRODUCTS_DIR; };
		BDE22EEF28A5534B0086C917 /* seguesUITests.swift */ = {isa = PBXFileReference; lastKnownFileType = sourcecode.swift; path = seguesUITests.swift; sourceTree = "<group>"; };
		BDE22EF128A5534B0086C917 /* seguesUITestsLaunchTests.swift */ = {isa = PBXFileReference; lastKnownFileType = sourcecode.swift; path = seguesUITestsLaunchTests.swift; sourceTree = "<group>"; };
		BDE22EFE28A554B30086C917 /* SecondViewController.swift */ = {isa = PBXFileReference; lastKnownFileType = sourcecode.swift; path = SecondViewController.swift; sourceTree = "<group>"; };
/* End PBXFileReference section */

/* Begin PBXFrameworksBuildPhase section */
		BDE22EC828A553460086C917 /* Frameworks */ = {
			isa = PBXFrameworksBuildPhase;
			buildActionMask = 2147483647;
			files = (
			);
			runOnlyForDeploymentPostprocessing = 0;
		};
		BDE22EDE28A5534B0086C917 /* Frameworks */ = {
			isa = PBXFrameworksBuildPhase;
			buildActionMask = 2147483647;
			files = (
			);
			runOnlyForDeploymentPostprocessing = 0;
		};
		BDE22EE828A5534B0086C917 /* Frameworks */ = {
			isa = PBXFrameworksBuildPhase;
			buildActionMask = 2147483647;
			files = (
			);
			runOnlyForDeploymentPostprocessing = 0;
		};
/* End PBXFrameworksBuildPhase section */

/* Begin PBXGroup section */
		BDE22EC228A553460086C917 = {
			isa = PBXGroup;
			children = (
				BDE22ECD28A553460086C917 /* segues */,
				BDE22EE428A5534B0086C917 /* seguesTests */,
				BDE22EEE28A5534B0086C917 /* seguesUITests */,
				BDE22ECC28A553460086C917 /* Products */,
			);
			sourceTree = "<group>";
		};
		BDE22ECC28A553460086C917 /* Products */ = {
			isa = PBXGroup;
			children = (
				BDE22ECB28A553460086C917 /* segues.app */,
				BDE22EE128A5534B0086C917 /* seguesTests.xctest */,
				BDE22EEB28A5534B0086C917 /* seguesUITests.xctest */,
			);
			name = Products;
			sourceTree = "<group>";
		};
		BDE22ECD28A553460086C917 /* segues */ = {
			isa = PBXGroup;
			children = (
				BDE22ECE28A553460086C917 /* AppDelegate.swift */,
				BDE22ED028A553460086C917 /* SceneDelegate.swift */,
				BDE22ED228A553460086C917 /* ViewController.swift */,
				BDE22ED428A553460086C917 /* Main.storyboard */,
				BDE22EFE28A554B30086C917 /* SecondViewController.swift */,
				BDE22ED728A5534A0086C917 /* Assets.xcassets */,
				BDE22ED928A5534A0086C917 /* LaunchScreen.storyboard */,
				BDE22EDC28A5534A0086C917 /* Info.plist */,
			);
			path = segues;
			sourceTree = "<group>";
		};
		BDE22EE428A5534B0086C917 /* seguesTests */ = {
			isa = PBXGroup;
			children = (
				BDE22EE528A5534B0086C917 /* seguesTests.swift */,
			);
			path = seguesTests;
			sourceTree = "<group>";
		};
		BDE22EEE28A5534B0086C917 /* seguesUITests */ = {
			isa = PBXGroup;
			children = (
				BDE22EEF28A5534B0086C917 /* seguesUITests.swift */,
				BDE22EF128A5534B0086C917 /* seguesUITestsLaunchTests.swift */,
			);
			path = seguesUITests;
			sourceTree = "<group>";
		};
/* End PBXGroup section */

/* Begin PBXNativeTarget section */
		BDE22ECA28A553460086C917 /* segues */ = {
			isa = PBXNativeTarget;
			buildConfigurationList = BDE22EF528A5534B0086C917 /* Build configuration list for PBXNativeTarget "segues" */;
			buildPhases = (
				BDE22EC728A553460086C917 /* Sources */,
				BDE22EC828A553460086C917 /* Frameworks */,
				BDE22EC928A553460086C917 /* Resources */,
			);
			buildRules = (
			);
			dependencies = (
			);
			name = segues;
			productName = segues;
			productReference = BDE22ECB28A553460086C917 /* segues.app */;
			productType = "com.apple.product-type.application";
		};
		BDE22EE028A5534B0086C917 /* seguesTests */ = {
			isa = PBXNativeTarget;
			buildConfigurationList = BDE22EF828A5534B0086C917 /* Build configuration list for PBXNativeTarget "seguesTests" */;
			buildPhases = (
				BDE22EDD28A5534B0086C917 /* Sources */,
				BDE22EDE28A5534B0086C917 /* Frameworks */,
				BDE22EDF28A5534B0086C917 /* Resources */,
			);
			buildRules = (
			);
			dependencies = (
				BDE22EE328A5534B0086C917 /* PBXTargetDependency */,
			);
			name = seguesTests;
			productName = seguesTests;
			productReference = BDE22EE128A5534B0086C917 /* seguesTests.xctest */;
			productType = "com.apple.product-type.bundle.unit-test";
		};
		BDE22EEA28A5534B0086C917 /* seguesUITests */ = {
			isa = PBXNativeTarget;
			buildConfigurationList = BDE22EFB28A5534B0086C917 /* Build configuration list for PBXNativeTarget "seguesUITests" */;
			buildPhases = (
				BDE22EE728A5534B0086C917 /* Sources */,
				BDE22EE828A5534B0086C917 /* Frameworks */,
				BDE22EE928A5534B0086C917 /* Resources */,
			);
			buildRules = (
			);
			dependencies = (
				BDE22EED28A5534B0086C917 /* PBXTargetDependency */,
			);
			name = seguesUITests;
			productName = seguesUITests;
			productReference = BDE22EEB28A5534B0086C917 /* seguesUITests.xctest */;
			productType = "com.apple.product-type.bundle.ui-testing";
		};
/* End PBXNativeTarget section */

/* Begin PBXProject section */
		BDE22EC328A553460086C917 /* Project object */ = {
			isa = PBXProject;
			attributes = {
				BuildIndependentTargetsInParallel = 1;
				LastSwiftUpdateCheck = 1340;
				LastUpgradeCheck = 1340;
				TargetAttributes = {
					BDE22ECA28A553460086C917 = {
						CreatedOnToolsVersion = 13.4.1;
					};
					BDE22EE028A5534B0086C917 = {
						CreatedOnToolsVersion = 13.4.1;
						TestTargetID = BDE22ECA28A553460086C917;
					};
					BDE22EEA28A5534B0086C917 = {
						CreatedOnToolsVersion = 13.4.1;
						TestTargetID = BDE22ECA28A553460086C917;
					};
				};
			};
			buildConfigurationList = BDE22EC628A553460086C917 /* Build configuration list for PBXProject "segues" */;
			compatibilityVersion = "Xcode 13.0";
			developmentRegion = en;
			hasScannedForEncodings = 0;
			knownRegions = (
				en,
				Base,
			);
			mainGroup = BDE22EC228A553460086C917;
			productRefGroup = BDE22ECC28A553460086C917 /* Products */;
			projectDirPath = "";
			projectRoot = "";
			targets = (
				BDE22ECA28A553460086C917 /* segues */,
				BDE22EE028A5534B0086C917 /* seguesTests */,
				BDE22EEA28A5534B0086C917 /* seguesUITests */,
			);
		};
/* End PBXProject section */

/* Begin PBXResourcesBuildPhase section */
		BDE22EC928A553460086C917 /* Resources */ = {
			isa = PBXResourcesBuildPhase;
			buildActionMask = 2147483647;
			files = (
				BDE22EDB28A5534A0086C917 /* LaunchScreen.storyboard in Resources */,
				BDE22ED828A5534A0086C917 /* Assets.xcassets in Resources */,
				BDE22ED628A553460086C917 /* Main.storyboard in Resources */,
			);
			runOnlyForDeploymentPostprocessing = 0;
		};
		BDE22EDF28A5534B0086C917 /* Resources */ = {
			isa = PBXResourcesBuildPhase;
			buildActionMask = 2147483647;
			files = (
			);
			runOnlyForDeploymentPostprocessing = 0;
		};
		BDE22EE928A5534B0086C917 /* Resources */ = {
			isa = PBXResourcesBuildPhase;
			buildActionMask = 2147483647;
			files = (
			);
			runOnlyForDeploymentPostprocessing = 0;
		};
/* End PBXResourcesBuildPhase section */

/* Begin PBXSourcesBuildPhase section */
		BDE22EC728A553460086C917 /* Sources */ = {
			isa = PBXSourcesBuildPhase;
			buildActionMask = 2147483647;
			files = (
				BDE22ED328A553460086C917 /* ViewController.swift in Sources */,
				BDE22EFF28A554B30086C917 /* SecondViewController.swift in Sources */,
				BDE22ECF28A553460086C917 /* AppDelegate.swift in Sources */,
				BDE22ED128A553460086C917 /* SceneDelegate.swift in Sources */,
			);
			runOnlyForDeploymentPostprocessing = 0;
		};
		BDE22EDD28A5534B0086C917 /* Sources */ = {
			isa = PBXSourcesBuildPhase;
			buildActionMask = 2147483647;
			files = (
				BDE22EE628A5534B0086C917 /* seguesTests.swift in Sources */,
			);
			runOnlyForDeploymentPostprocessing = 0;
		};
		BDE22EE728A5534B0086C917 /* Sources */ = {
			isa = PBXSourcesBuildPhase;
			buildActionMask = 2147483647;
			files = (
				BDE22EF228A5534B0086C917 /* seguesUITestsLaunchTests.swift in Sources */,
				BDE22EF028A5534B0086C917 /* seguesUITests.swift in Sources */,
			);
			runOnlyForDeploymentPostprocessing = 0;
		};
/* End PBXSourcesBuildPhase section */

/* Begin PBXTargetDependency section */
		BDE22EE328A5534B0086C917 /* PBXTargetDependency */ = {
			isa = PBXTargetDependency;
			target = BDE22ECA28A553460086C917 /* segues */;
			targetProxy = BDE22EE228A5534B0086C917 /* PBXContainerItemProxy */;
		};
		BDE22EED28A5534B0086C917 /* PBXTargetDependency */ = {
			isa = PBXTargetDependency;
			target = BDE22ECA28A553460086C917 /* segues */;
			targetProxy = BDE22EEC28A5534B0086C917 /* PBXContainerItemProxy */;
		};
/* End PBXTargetDependency section */

/* Begin PBXVariantGroup section */
		BDE22ED428A553460086C917 /* Main.storyboard */ = {
			isa = PBXVariantGroup;
			children = (
				BDE22ED528A553460086C917 /* Base */,
			);
			name = Main.storyboard;
			sourceTree = "<group>";
		};
		BDE22ED928A5534A0086C917 /* LaunchScreen.storyboard */ = {
			isa = PBXVariantGroup;
			children = (
				BDE22EDA28A5534A0086C917 /* Base */,
			);
			name = LaunchScreen.storyboard;
			sourceTree = "<group>";
		};
/* End PBXVariantGroup section */

/* Begin XCBuildConfiguration section */
		BDE22EF328A5534B0086C917 /* Debug */ = {
			isa = XCBuildConfiguration;
			buildSettings = {
				ALWAYS_SEARCH_USER_PATHS = NO;
				CLANG_ANALYZER_NONNULL = YES;
				CLANG_ANALYZER_NUMBER_OBJECT_CONVERSION = YES_AGGRESSIVE;
				CLANG_CXX_LANGUAGE_STANDARD = "gnu++17";
				CLANG_ENABLE_MODULES = YES;
				CLANG_ENABLE_OBJC_ARC = YES;
				CLANG_ENABLE_OBJC_WEAK = YES;
				CLANG_WARN_BLOCK_CAPTURE_AUTORELEASING = YES;
				CLANG_WARN_BOOL_CONVERSION = YES;
				CLANG_WARN_COMMA = YES;
				CLANG_WARN_CONSTANT_CONVERSION = YES;
				CLANG_WARN_DEPRECATED_OBJC_IMPLEMENTATIONS = YES;
				CLANG_WARN_DIRECT_OBJC_ISA_USAGE = YES_ERROR;
				CLANG_WARN_DOCUMENTATION_COMMENTS = YES;
				CLANG_WARN_EMPTY_BODY = YES;
				CLANG_WARN_ENUM_CONVERSION = YES;
				CLANG_WARN_INFINITE_RECURSION = YES;
				CLANG_WARN_INT_CONVERSION = YES;
				CLANG_WARN_NON_LITERAL_NULL_CONVERSION = YES;
				CLANG_WARN_OBJC_IMPLICIT_RETAIN_SELF = YES;
				CLANG_WARN_OBJC_LITERAL_CONVERSION = YES;
				CLANG_WARN_OBJC_ROOT_CLASS = YES_ERROR;
				CLANG_WARN_QUOTED_INCLUDE_IN_FRAMEWORK_HEADER = YES;
				CLANG_WARN_RANGE_LOOP_ANALYSIS = YES;
				CLANG_WARN_STRICT_PROTOTYPES = YES;
				CLANG_WARN_SUSPICIOUS_MOVE = YES;
				CLANG_WARN_UNGUARDED_AVAILABILITY = YES_AGGRESSIVE;
				CLANG_WARN_UNREACHABLE_CODE = YES;
				CLANG_WARN__DUPLICATE_METHOD_MATCH = YES;
				COPY_PHASE_STRIP = NO;
				DEBUG_INFORMATION_FORMAT = dwarf;
				ENABLE_STRICT_OBJC_MSGSEND = YES;
				ENABLE_TESTABILITY = YES;
				GCC_C_LANGUAGE_STANDARD = gnu11;
				GCC_DYNAMIC_NO_PIC = NO;
				GCC_NO_COMMON_BLOCKS = YES;
				GCC_OPTIMIZATION_LEVEL = 0;
				GCC_PREPROCESSOR_DEFINITIONS = (
					"DEBUG=1",
					"$(inherited)",
				);
				GCC_WARN_64_TO_32_BIT_CONVERSION = YES;
				GCC_WARN_ABOUT_RETURN_TYPE = YES_ERROR;
				GCC_WARN_UNDECLARED_SELECTOR = YES;
				GCC_WARN_UNINITIALIZED_AUTOS = YES_AGGRESSIVE;
				GCC_WARN_UNUSED_FUNCTION = YES;
				GCC_WARN_UNUSED_VARIABLE = YES;
				IPHONEOS_DEPLOYMENT_TARGET = 15.5;
				MTL_ENABLE_DEBUG_INFO = INCLUDE_SOURCE;
				MTL_FAST_MATH = YES;
				ONLY_ACTIVE_ARCH = YES;
				SDKROOT = iphoneos;
				SWIFT_ACTIVE_COMPILATION_CONDITIONS = DEBUG;
				SWIFT_OPTIMIZATION_LEVEL = "-Onone";
			};
			name = Debug;
		};
		BDE22EF428A5534B0086C917 /* Release */ = {
			isa = XCBuildConfiguration;
			buildSettings = {
				ALWAYS_SEARCH_USER_PATHS = NO;
				CLANG_ANALYZER_NONNULL = YES;
				CLANG_ANALYZER_NUMBER_OBJECT_CONVERSION = YES_AGGRESSIVE;
				CLANG_CXX_LANGUAGE_STANDARD = "gnu++17";
				CLANG_ENABLE_MODULES = YES;
				CLANG_ENABLE_OBJC_ARC = YES;
				CLANG_ENABLE_OBJC_WEAK = YES;
				CLANG_WARN_BLOCK_CAPTURE_AUTORELEASING = YES;
				CLANG_WARN_BOOL_CONVERSION = YES;
				CLANG_WARN_COMMA = YES;
				CLANG_WARN_CONSTANT_CONVERSION = YES;
				CLANG_WARN_DEPRECATED_OBJC_IMPLEMENTATIONS = YES;
				CLANG_WARN_DIRECT_OBJC_ISA_USAGE = YES_ERROR;
				CLANG_WARN_DOCUMENTATION_COMMENTS = YES;
				CLANG_WARN_EMPTY_BODY = YES;
				CLANG_WARN_ENUM_CONVERSION = YES;
				CLANG_WARN_INFINITE_RECURSION = YES;
				CLANG_WARN_INT_CONVERSION = YES;
				CLANG_WARN_NON_LITERAL_NULL_CONVERSION = YES;
				CLANG_WARN_OBJC_IMPLICIT_RETAIN_SELF = YES;
				CLANG_WARN_OBJC_LITERAL_CONVERSION = YES;
				CLANG_WARN_OBJC_ROOT_CLASS = YES_ERROR;
				CLANG_WARN_QUOTED_INCLUDE_IN_FRAMEWORK_HEADER = YES;
				CLANG_WARN_RANGE_LOOP_ANALYSIS = YES;
				CLANG_WARN_STRICT_PROTOTYPES = YES;
				CLANG_WARN_SUSPICIOUS_MOVE = YES;
				CLANG_WARN_UNGUARDED_AVAILABILITY = YES_AGGRESSIVE;
				CLANG_WARN_UNREACHABLE_CODE = YES;
				CLANG_WARN__DUPLICATE_METHOD_MATCH = YES;
				COPY_PHASE_STRIP = NO;
				DEBUG_INFORMATION_FORMAT = "dwarf-with-dsym";
				ENABLE_NS_ASSERTIONS = NO;
				ENABLE_STRICT_OBJC_MSGSEND = YES;
				GCC_C_LANGUAGE_STANDARD = gnu11;
				GCC_NO_COMMON_BLOCKS = YES;
				GCC_WARN_64_TO_32_BIT_CONVERSION = YES;
				GCC_WARN_ABOUT_RETURN_TYPE = YES_ERROR;
				GCC_WARN_UNDECLARED_SELECTOR = YES;
				GCC_WARN_UNINITIALIZED_AUTOS = YES_AGGRESSIVE;
				GCC_WARN_UNUSED_FUNCTION = YES;
				GCC_WARN_UNUSED_VARIABLE = YES;
				IPHONEOS_DEPLOYMENT_TARGET = 15.5;
				MTL_ENABLE_DEBUG_INFO = NO;
				MTL_FAST_MATH = YES;
				SDKROOT = iphoneos;
				SWIFT_COMPILATION_MODE = wholemodule;
				SWIFT_OPTIMIZATION_LEVEL = "-O";
				VALIDATE_PRODUCT = YES;
			};
			name = Release;
		};
		BDE22EF628A5534B0086C917 /* Debug */ = {
			isa = XCBuildConfiguration;
			buildSettings = {
				ASSETCATALOG_COMPILER_APPICON_NAME = AppIcon;
				ASSETCATALOG_COMPILER_GLOBAL_ACCENT_COLOR_NAME = AccentColor;
				CODE_SIGN_STYLE = Automatic;
				CURRENT_PROJECT_VERSION = 1;
				GENERATE_INFOPLIST_FILE = YES;
				INFOPLIST_FILE = segues/Info.plist;
				INFOPLIST_KEY_UIApplicationSupportsIndirectInputEvents = YES;
				INFOPLIST_KEY_UILaunchStoryboardName = LaunchScreen;
				INFOPLIST_KEY_UIMainStoryboardFile = Main;
				INFOPLIST_KEY_UISupportedInterfaceOrientations_iPad = "UIInterfaceOrientationPortrait UIInterfaceOrientationPortraitUpsideDown UIInterfaceOrientationLandscapeLeft UIInterfaceOrientationLandscapeRight";
				INFOPLIST_KEY_UISupportedInterfaceOrientations_iPhone = "UIInterfaceOrientationPortrait UIInterfaceOrientationLandscapeLeft UIInterfaceOrientationLandscapeRight";
				LD_RUNPATH_SEARCH_PATHS = (
					"$(inherited)",
					"@executable_path/Frameworks",
				);
				MARKETING_VERSION = 1.0;
				PRODUCT_BUNDLE_IDENTIFIER = kwk.segues;
				PRODUCT_NAME = "$(TARGET_NAME)";
				SWIFT_EMIT_LOC_STRINGS = YES;
				SWIFT_VERSION = 5.0;
				TARGETED_DEVICE_FAMILY = "1,2";
			};
			name = Debug;
		};
		BDE22EF728A5534B0086C917 /* Release */ = {
			isa = XCBuildConfiguration;
			buildSettings = {
				ASSETCATALOG_COMPILER_APPICON_NAME = AppIcon;
				ASSETCATALOG_COMPILER_GLOBAL_ACCENT_COLOR_NAME = AccentColor;
				CODE_SIGN_STYLE = Automatic;
				CURRENT_PROJECT_VERSION = 1;
				GENERATE_INFOPLIST_FILE = YES;
				INFOPLIST_FILE = segues/Info.plist;
				INFOPLIST_KEY_UIApplicationSupportsIndirectInputEvents = YES;
				INFOPLIST_KEY_UILaunchStoryboardName = LaunchScreen;
				INFOPLIST_KEY_UIMainStoryboardFile = Main;
				INFOPLIST_KEY_UISupportedInterfaceOrientations_iPad = "UIInterfaceOrientationPortrait UIInterfaceOrientationPortraitUpsideDown UIInterfaceOrientationLandscapeLeft UIInterfaceOrientationLandscapeRight";
				INFOPLIST_KEY_UISupportedInterfaceOrientations_iPhone = "UIInterfaceOrientationPortrait UIInterfaceOrientationLandscapeLeft UIInterfaceOrientationLandscapeRight";
				LD_RUNPATH_SEARCH_PATHS = (
					"$(inherited)",
					"@executable_path/Frameworks",
				);
				MARKETING_VERSION = 1.0;
				PRODUCT_BUNDLE_IDENTIFIER = kwk.segues;
				PRODUCT_NAME = "$(TARGET_NAME)";
				SWIFT_EMIT_LOC_STRINGS = YES;
				SWIFT_VERSION = 5.0;
				TARGETED_DEVICE_FAMILY = "1,2";
			};
			name = Release;
		};
		BDE22EF928A5534B0086C917 /* Debug */ = {
			isa = XCBuildConfiguration;
			buildSettings = {
				ALWAYS_EMBED_SWIFT_STANDARD_LIBRARIES = YES;
				BUNDLE_LOADER = "$(TEST_HOST)";
				CODE_SIGN_STYLE = Automatic;
				CURRENT_PROJECT_VERSION = 1;
				GENERATE_INFOPLIST_FILE = YES;
				IPHONEOS_DEPLOYMENT_TARGET = 15.5;
				MARKETING_VERSION = 1.0;
				PRODUCT_BUNDLE_IDENTIFIER = kwk.seguesTests;
				PRODUCT_NAME = "$(TARGET_NAME)";
				SWIFT_EMIT_LOC_STRINGS = NO;
				SWIFT_VERSION = 5.0;
				TARGETED_DEVICE_FAMILY = "1,2";
				TEST_HOST = "$(BUILT_PRODUCTS_DIR)/segues.app/segues";
			};
			name = Debug;
		};
		BDE22EFA28A5534B0086C917 /* Release */ = {
			isa = XCBuildConfiguration;
			buildSettings = {
				ALWAYS_EMBED_SWIFT_STANDARD_LIBRARIES = YES;
				BUNDLE_LOADER = "$(TEST_HOST)";
				CODE_SIGN_STYLE = Automatic;
				CURRENT_PROJECT_VERSION = 1;
				GENERATE_INFOPLIST_FILE = YES;
				IPHONEOS_DEPLOYMENT_TARGET = 15.5;
				MARKETING_VERSION = 1.0;
				PRODUCT_BUNDLE_IDENTIFIER = kwk.seguesTests;
				PRODUCT_NAME = "$(TARGET_NAME)";
				SWIFT_EMIT_LOC_STRINGS = NO;
				SWIFT_VERSION = 5.0;
				TARGETED_DEVICE_FAMILY = "1,2";
				TEST_HOST = "$(BUILT_PRODUCTS_DIR)/segues.app/segues";
			};
			name = Release;
		};
		BDE22EFC28A5534B0086C917 /* Debug */ = {
			isa = XCBuildConfiguration;
			buildSettings = {
				ALWAYS_EMBED_SWIFT_STANDARD_LIBRARIES = YES;
				CODE_SIGN_STYLE = Automatic;
				CURRENT_PROJECT_VERSION = 1;
				GENERATE_INFOPLIST_FILE = YES;
				MARKETING_VERSION = 1.0;
				PRODUCT_BUNDLE_IDENTIFIER = kwk.seguesUITests;
				PRODUCT_NAME = "$(TARGET_NAME)";
				SWIFT_EMIT_LOC_STRINGS = NO;
				SWIFT_VERSION = 5.0;
				TARGETED_DEVICE_FAMILY = "1,2";
				TEST_TARGET_NAME = segues;
			};
			name = Debug;
		};
		BDE22EFD28A5534B0086C917 /* Release */ = {
			isa = XCBuildConfiguration;
			buildSettings = {
				ALWAYS_EMBED_SWIFT_STANDARD_LIBRARIES = YES;
				CODE_SIGN_STYLE = Automatic;
				CURRENT_PROJECT_VERSION = 1;
				GENERATE_INFOPLIST_FILE = YES;
				MARKETING_VERSION = 1.0;
				PRODUCT_BUNDLE_IDENTIFIER = kwk.seguesUITests;
				PRODUCT_NAME = "$(TARGET_NAME)";
				SWIFT_EMIT_LOC_STRINGS = NO;
				SWIFT_VERSION = 5.0;
				TARGETED_DEVICE_FAMILY = "1,2";
				TEST_TARGET_NAME = segues;
			};
			name = Release;
		};
/* End XCBuildConfiguration section */

/* Begin XCConfigurationList section */
		BDE22EC628A553460086C917 /* Build configuration list for PBXProject "segues" */ = {
			isa = XCConfigurationList;
			buildConfigurations = (
				BDE22EF328A5534B0086C917 /* Debug */,
				BDE22EF428A5534B0086C917 /* Release */,
			);
			defaultConfigurationIsVisible = 0;
			defaultConfigurationName = Release;
		};
		BDE22EF528A5534B0086C917 /* Build configuration list for PBXNativeTarget "segues" */ = {
			isa = XCConfigurationList;
			buildConfigurations = (
				BDE22EF628A5534B0086C917 /* Debug */,
				BDE22EF728A5534B0086C917 /* Release */,
			);
			defaultConfigurationIsVisible = 0;
			defaultConfigurationName = Release;
		};
		BDE22EF828A5534B0086C917 /* Build configuration list for PBXNativeTarget "seguesTests" */ = {
			isa = XCConfigurationList;
			buildConfigurations = (
				BDE22EF928A5534B0086C917 /* Debug */,
				BDE22EFA28A5534B0086C917 /* Release */,
			);
			defaultConfigurationIsVisible = 0;
			defaultConfigurationName = Release;
		};
		BDE22EFB28A5534B0086C917 /* Build configuration list for PBXNativeTarget "seguesUITests" */ = {
			isa = XCConfigurationList;
			buildConfigurations = (
				BDE22EFC28A5534B0086C917 /* Debug */,
				BDE22EFD28A5534B0086C917 /* Release */,
			);
			defaultConfigurationIsVisible = 0;
			defaultConfigurationName = Release;
		};
/* End XCConfigurationList section */
	};
	rootObject = BDE22EC328A553460086C917 /* Project object */;
}
